
Microsoft Visual Studio Solution File, Format Version 12.00
# Visual Studio 15
VisualStudioVersion = 15.0.28307.1000
MinimumVisualStudioVersion = 10.0.40219.1
Project("{FAE04EC0-301F-11D3-BF4B-00C04F79EFBC}") = "SharePoint Discovery App", "SharePoint Discovery App\SharePoint Discovery App.csproj", "{C5CBA189-A743-43C4-ADBD-8C6E38EB7D90}"
EndProject
Global
	GlobalSection(SolutionConfigurationPlatforms) = preSolution
		Debug|Any CPU = Debug|Any CPU
		Release|Any CPU = Release|Any CPU
	EndGlobalSection
	GlobalSection(ProjectConfigurationPlatforms) = postSolution
		{C5CBA189-A743-43C4-ADBD-8C6E38EB7D90}.Debug|Any CPU.ActiveCfg = Debug|Any CPU
		{C5CBA189-A743-43C4-ADBD-8C6E38EB7D90}.Debug|Any CPU.Build.0 = Debug|Any CPU
		{C5CBA189-A743-43C4-ADBD-8C6E38EB7D90}.Release|Any CPU.ActiveCfg = Release|Any CPU
		{C5CBA189-A743-43C4-ADBD-8C6E38EB7D90}.Release|Any CPU.Build.0 = Release|Any CPU
	EndGlobalSection
	GlobalSection(SolutionProperties) = preSolution
		HideSolutionNode = FALSE
	EndGlobalSection
	GlobalSection(ExtensibilityGlobals) = postSolution
		SolutionGuid = {7C491674-C10D-48C5-B423-51910174D737}
	EndGlobalSection
EndGlobal
